
Microsoft Visual Studio Solution File, Format Version 11.00
# Visual Studio 2010
Project("{2150E333-8FDC-42A3-9474-1A3956D46DE8}") = "asymmetrics", "asymmetrics", "{29374F07-D0AD-4294-BCF6-853AE7895141}"
EndProject
Project("{2150E333-8FDC-42A3-9474-1A3956D46DE8}") = "digests", "digests", "{FB0AC7BE-C872-42D2-B6EA-8144B20520F8}"
EndProject
Project("{2150E333-8FDC-42A3-9474-1A3956D46DE8}") = "ciphers", "ciphers", "{1429B84A-0EF7-45A2-A8ED-076B903B6386}"
EndProject
Project("{2150E333-8FDC-42A3-9474-1A3956D46DE8}") = "stream", "stream", "{84E56374-9EAE-4EC5-BDCD-BF3BF37D2084}"
EndProject
Project("{2150E333-8FDC-42A3-9474-1A3956D46DE8}") = "block", "block", "{B6388AED-707A-4F09-A241-C01AD53DA029}"
EndProject
Project("{2150E333-8FDC-42A3-9474-1A3956D46DE8}") = "compressions", "compressions", "{8859CF07-28A3-48F1-837B-E3D6799693EC}"
EndProject
Project("{2150E333-8FDC-42A3-9474-1A3956D46DE8}") = "transform", "transform", "{C9AC0D1E-4669-4ADD-A9E3-7BBA63DE8AAE}"
EndProject
Project("{8BC9CEB8-8B4A-11D0-8D11-00A0C91BC942}") = "rsa", "src\rsa\rsa.vcxproj", "{D73E7A7B-62C6-4F73-A2D3-3A0F521E97CE}"
EndProject
Project("{8BC9CEB8-8B4A-11D0-8D11-00A0C91BC942}") = "aes", "src\aes\aes.vcxproj", "{114CA31C-EC37-44A1-944B-16583667215B}"
EndProject
Project("{8BC9CEB8-8B4A-11D0-8D11-00A0C91BC942}") = "des", "src\des\des.vcxproj", "{DD0B298B-7C1C-4ADC-A7BE-27F18688C705}"
EndProject
Project("{8BC9CEB8-8B4A-11D0-8D11-00A0C91BC942}") = "seed", "src\seed\seed.vcxproj", "{CAC4E9CB-5F0F-468D-BFF2-483E4AD295A0}"
EndProject
Project("{8BC9CEB8-8B4A-11D0-8D11-00A0C91BC942}") = "grain", "src\grain\grain.vcxproj", "{54B63FB7-3463-4E62-A6BA-A07D2F407A17}"
EndProject
Project("{8BC9CEB8-8B4A-11D0-8D11-00A0C91BC942}") = "hc", "src\hc\hc.vcxproj", "{3A7AF0D5-9BE4-4616-9330-53E7CBB57317}"
EndProject
Project("{8BC9CEB8-8B4A-11D0-8D11-00A0C91BC942}") = "mickey", "src\mickey\mickey.vcxproj", "{B193A908-30EC-41E5-A647-823AF712EDA1}"
EndProject
Project("{8BC9CEB8-8B4A-11D0-8D11-00A0C91BC942}") = "rabbit", "src\rabbit\rabbit.vcxproj", "{372AD2AC-322F-4DB9-B361-9256B33744BA}"
EndProject
Project("{8BC9CEB8-8B4A-11D0-8D11-00A0C91BC942}") = "rc4", "src\rc4\rc4.vcxproj", "{7BF4ACDE-D83A-4524-91FA-008F986488BC}"
EndProject
Project("{8BC9CEB8-8B4A-11D0-8D11-00A0C91BC942}") = "salsa20", "src\salsa20\salsa20.vcxproj", "{230FFC69-4DC3-44A2-9576-52FDD917D64D}"
EndProject
Project("{8BC9CEB8-8B4A-11D0-8D11-00A0C91BC942}") = "sosemanuk", "src\sosemanuk\sosemanuk.vcxproj", "{C5E3DA55-B33D-4BB6-8E10-A53B8D6329E6}"
EndProject
Project("{8BC9CEB8-8B4A-11D0-8D11-00A0C91BC942}") = "zip", "src\zip\zip.vcxproj", "{78977CB7-175D-491F-848C-5F9C7F52BD7E}"
EndProject
Project("{8BC9CEB8-8B4A-11D0-8D11-00A0C91BC942}") = "md5", "src\md5\md5.vcxproj", "{89D2924D-C753-4034-B021-D17B60A47156}"
EndProject
Project("{8BC9CEB8-8B4A-11D0-8D11-00A0C91BC942}") = "sha1", "src\sha1\sha1.vcxproj", "{B88967E2-1A7E-4CB2-88F5-A2BF7A8F761E}"
EndProject
Project("{8BC9CEB8-8B4A-11D0-8D11-00A0C91BC942}") = "base64", "src\base64\base64.vcxproj", "{4FE11776-3088-4F4F-8688-3EBCBAB9E96B}"
EndProject
Project("{8BC9CEB8-8B4A-11D0-8D11-00A0C91BC942}") = "salm", "src\salm.vcxproj", "{5B66834A-8CF8-4457-BB58-16A5D917A780}"
EndProject
Global
	GlobalSection(SolutionConfigurationPlatforms) = preSolution
		Debug|Win32 = Debug|Win32
		Release|Win32 = Release|Win32
	EndGlobalSection
	GlobalSection(ProjectConfigurationPlatforms) = postSolution
		{D73E7A7B-62C6-4F73-A2D3-3A0F521E97CE}.Debug|Win32.ActiveCfg = Debug|Win32
		{D73E7A7B-62C6-4F73-A2D3-3A0F521E97CE}.Debug|Win32.Build.0 = Debug|Win32
		{D73E7A7B-62C6-4F73-A2D3-3A0F521E97CE}.Release|Win32.ActiveCfg = Release|Win32
		{D73E7A7B-62C6-4F73-A2D3-3A0F521E97CE}.Release|Win32.Build.0 = Release|Win32
		{114CA31C-EC37-44A1-944B-16583667215B}.Debug|Win32.ActiveCfg = Debug|Win32
		{114CA31C-EC37-44A1-944B-16583667215B}.Debug|Win32.Build.0 = Debug|Win32
		{114CA31C-EC37-44A1-944B-16583667215B}.Release|Win32.ActiveCfg = Release|Win32
		{114CA31C-EC37-44A1-944B-16583667215B}.Release|Win32.Build.0 = Release|Win32
		{DD0B298B-7C1C-4ADC-A7BE-27F18688C705}.Debug|Win32.ActiveCfg = Debug|Win32
		{DD0B298B-7C1C-4ADC-A7BE-27F18688C705}.Debug|Win32.Build.0 = Debug|Win32
		{DD0B298B-7C1C-4ADC-A7BE-27F18688C705}.Release|Win32.ActiveCfg = Release|Win32
		{DD0B298B-7C1C-4ADC-A7BE-27F18688C705}.Release|Win32.Build.0 = Release|Win32
		{CAC4E9CB-5F0F-468D-BFF2-483E4AD295A0}.Debug|Win32.ActiveCfg = Debug|Win32
		{CAC4E9CB-5F0F-468D-BFF2-483E4AD295A0}.Debug|Win32.Build.0 = Debug|Win32
		{CAC4E9CB-5F0F-468D-BFF2-483E4AD295A0}.Release|Win32.ActiveCfg = Release|Win32
		{CAC4E9CB-5F0F-468D-BFF2-483E4AD295A0}.Release|Win32.Build.0 = Release|Win32
		{54B63FB7-3463-4E62-A6BA-A07D2F407A17}.Debug|Win32.ActiveCfg = Debug|Win32
		{54B63FB7-3463-4E62-A6BA-A07D2F407A17}.Debug|Win32.Build.0 = Debug|Win32
		{54B63FB7-3463-4E62-A6BA-A07D2F407A17}.Release|Win32.ActiveCfg = Release|Win32
		{54B63FB7-3463-4E62-A6BA-A07D2F407A17}.Release|Win32.Build.0 = Release|Win32
		{3A7AF0D5-9BE4-4616-9330-53E7CBB57317}.Debug|Win32.ActiveCfg = Debug|Win32
		{3A7AF0D5-9BE4-4616-9330-53E7CBB57317}.Debug|Win32.Build.0 = Debug|Win32
		{3A7AF0D5-9BE4-4616-9330-53E7CBB57317}.Release|Win32.ActiveCfg = Release|Win32
		{3A7AF0D5-9BE4-4616-9330-53E7CBB57317}.Release|Win32.Build.0 = Release|Win32
		{B193A908-30EC-41E5-A647-823AF712EDA1}.Debug|Win32.ActiveCfg = Debug|Win32
		{B193A908-30EC-41E5-A647-823AF712EDA1}.Debug|Win32.Build.0 = Debug|Win32
		{B193A908-30EC-41E5-A647-823AF712EDA1}.Release|Win32.ActiveCfg = Release|Win32
		{B193A908-30EC-41E5-A647-823AF712EDA1}.Release|Win32.Build.0 = Release|Win32
		{372AD2AC-322F-4DB9-B361-9256B33744BA}.Debug|Win32.ActiveCfg = Debug|Win32
		{372AD2AC-322F-4DB9-B361-9256B33744BA}.Debug|Win32.Build.0 = Debug|Win32
		{372AD2AC-322F-4DB9-B361-9256B33744BA}.Release|Win32.ActiveCfg = Release|Win32
		{372AD2AC-322F-4DB9-B361-9256B33744BA}.Release|Win32.Build.0 = Release|Win32
		{7BF4ACDE-D83A-4524-91FA-008F986488BC}.Debug|Win32.ActiveCfg = Debug|Win32
		{7BF4ACDE-D83A-4524-91FA-008F986488BC}.Debug|Win32.Build.0 = Debug|Win32
		{7BF4ACDE-D83A-4524-91FA-008F986488BC}.Release|Win32.ActiveCfg = Release|Win32
		{7BF4ACDE-D83A-4524-91FA-008F986488BC}.Release|Win32.Build.0 = Release|Win32
		{230FFC69-4DC3-44A2-9576-52FDD917D64D}.Debug|Win32.ActiveCfg = Debug|Win32
		{230FFC69-4DC3-44A2-9576-52FDD917D64D}.Debug|Win32.Build.0 = Debug|Win32
		{230FFC69-4DC3-44A2-9576-52FDD917D64D}.Release|Win32.ActiveCfg = Release|Win32
		{230FFC69-4DC3-44A2-9576-52FDD917D64D}.Release|Win32.Build.0 = Release|Win32
		{C5E3DA55-B33D-4BB6-8E10-A53B8D6329E6}.Debug|Win32.ActiveCfg = Debug|Win32
		{C5E3DA55-B33D-4BB6-8E10-A53B8D6329E6}.Debug|Win32.Build.0 = Debug|Win32
		{C5E3DA55-B33D-4BB6-8E10-A53B8D6329E6}.Release|Win32.ActiveCfg = Release|Win32
		{C5E3DA55-B33D-4BB6-8E10-A53B8D6329E6}.Release|Win32.Build.0 = Release|Win32
		{78977CB7-175D-491F-848C-5F9C7F52BD7E}.Debug|Win32.ActiveCfg = Debug|Win32
		{78977CB7-175D-491F-848C-5F9C7F52BD7E}.Debug|Win32.Build.0 = Debug|Win32
		{78977CB7-175D-491F-848C-5F9C7F52BD7E}.Release|Win32.ActiveCfg = Release|Win32
		{78977CB7-175D-491F-848C-5F9C7F52BD7E}.Release|Win32.Build.0 = Release|Win32
		{89D2924D-C753-4034-B021-D17B60A47156}.Debug|Win32.ActiveCfg = Debug|Win32
		{89D2924D-C753-4034-B021-D17B60A47156}.Debug|Win32.Build.0 = Debug|Win32
		{89D2924D-C753-4034-B021-D17B60A47156}.Release|Win32.ActiveCfg = Release|Win32
		{89D2924D-C753-4034-B021-D17B60A47156}.Release|Win32.Build.0 = Release|Win32
		{B88967E2-1A7E-4CB2-88F5-A2BF7A8F761E}.Debug|Win32.ActiveCfg = Debug|Win32
		{B88967E2-1A7E-4CB2-88F5-A2BF7A8F761E}.Debug|Win32.Build.0 = Debug|Win32
		{B88967E2-1A7E-4CB2-88F5-A2BF7A8F761E}.Release|Win32.ActiveCfg = Release|Win32
		{B88967E2-1A7E-4CB2-88F5-A2BF7A8F761E}.Release|Win32.Build.0 = Release|Win32
		{4FE11776-3088-4F4F-8688-3EBCBAB9E96B}.Debug|Win32.ActiveCfg = Debug|Win32
		{4FE11776-3088-4F4F-8688-3EBCBAB9E96B}.Debug|Win32.Build.0 = Debug|Win32
		{4FE11776-3088-4F4F-8688-3EBCBAB9E96B}.Release|Win32.ActiveCfg = Release|Win32
		{4FE11776-3088-4F4F-8688-3EBCBAB9E96B}.Release|Win32.Build.0 = Release|Win32
		{5B66834A-8CF8-4457-BB58-16A5D917A780}.Debug|Win32.ActiveCfg = Debug|Win32
		{5B66834A-8CF8-4457-BB58-16A5D917A780}.Debug|Win32.Build.0 = Debug|Win32
		{5B66834A-8CF8-4457-BB58-16A5D917A780}.Release|Win32.ActiveCfg = Release|Win32
		{5B66834A-8CF8-4457-BB58-16A5D917A780}.Release|Win32.Build.0 = Release|Win32
	EndGlobalSection
	GlobalSection(SolutionProperties) = preSolution
		HideSolutionNode = FALSE
	EndGlobalSection
	GlobalSection(NestedProjects) = preSolution
		{D73E7A7B-62C6-4F73-A2D3-3A0F521E97CE} = {29374F07-D0AD-4294-BCF6-853AE7895141}
		{89D2924D-C753-4034-B021-D17B60A47156} = {FB0AC7BE-C872-42D2-B6EA-8144B20520F8}
		{B88967E2-1A7E-4CB2-88F5-A2BF7A8F761E} = {FB0AC7BE-C872-42D2-B6EA-8144B20520F8}
		{84E56374-9EAE-4EC5-BDCD-BF3BF37D2084} = {1429B84A-0EF7-45A2-A8ED-076B903B6386}
		{B6388AED-707A-4F09-A241-C01AD53DA029} = {1429B84A-0EF7-45A2-A8ED-076B903B6386}
		{54B63FB7-3463-4E62-A6BA-A07D2F407A17} = {84E56374-9EAE-4EC5-BDCD-BF3BF37D2084}
		{3A7AF0D5-9BE4-4616-9330-53E7CBB57317} = {84E56374-9EAE-4EC5-BDCD-BF3BF37D2084}
		{B193A908-30EC-41E5-A647-823AF712EDA1} = {84E56374-9EAE-4EC5-BDCD-BF3BF37D2084}
		{372AD2AC-322F-4DB9-B361-9256B33744BA} = {84E56374-9EAE-4EC5-BDCD-BF3BF37D2084}
		{7BF4ACDE-D83A-4524-91FA-008F986488BC} = {84E56374-9EAE-4EC5-BDCD-BF3BF37D2084}
		{230FFC69-4DC3-44A2-9576-52FDD917D64D} = {84E56374-9EAE-4EC5-BDCD-BF3BF37D2084}
		{C5E3DA55-B33D-4BB6-8E10-A53B8D6329E6} = {84E56374-9EAE-4EC5-BDCD-BF3BF37D2084}
		{114CA31C-EC37-44A1-944B-16583667215B} = {B6388AED-707A-4F09-A241-C01AD53DA029}
		{DD0B298B-7C1C-4ADC-A7BE-27F18688C705} = {B6388AED-707A-4F09-A241-C01AD53DA029}
		{CAC4E9CB-5F0F-468D-BFF2-483E4AD295A0} = {B6388AED-707A-4F09-A241-C01AD53DA029}
		{78977CB7-175D-491F-848C-5F9C7F52BD7E} = {8859CF07-28A3-48F1-837B-E3D6799693EC}
		{4FE11776-3088-4F4F-8688-3EBCBAB9E96B} = {C9AC0D1E-4669-4ADD-A9E3-7BBA63DE8AAE}
	EndGlobalSection
EndGlobal
