
Microsoft Visual Studio Solution File, Format Version 10.00
# Visual Studio 2008
Project("{2150E333-8FDC-42A3-9474-1A3956D46DE8}") = "asymmetrics", "asymmetrics", "{9968F741-E3EC-403B-8BAA-7C5F7116ABCB}"
EndProject
Project("{2150E333-8FDC-42A3-9474-1A3956D46DE8}") = "ciphers", "ciphers", "{045A8FC8-EE2C-470D-A2F4-80D5146B02BF}"
EndProject
Project("{2150E333-8FDC-42A3-9474-1A3956D46DE8}") = "compressions", "compressions", "{17C8802B-153F-45A1-B858-F7BECB575C4F}"
EndProject
Project("{2150E333-8FDC-42A3-9474-1A3956D46DE8}") = "digests", "digests", "{1FE52238-537C-4D12-9C54-C6D6439C7841}"
EndProject
Project("{2150E333-8FDC-42A3-9474-1A3956D46DE8}") = "transform", "transform", "{AAA8AC58-511A-4E07-87A2-DD1A680DD980}"
EndProject
Project("{2150E333-8FDC-42A3-9474-1A3956D46DE8}") = "block", "block", "{BDD17A0D-9A58-4EF9-B7B1-79F0FC30F7F6}"
EndProject
Project("{2150E333-8FDC-42A3-9474-1A3956D46DE8}") = "stream", "stream", "{8E1770D7-8A8A-4935-B47C-67C81CF60C11}"
EndProject
Project("{8BC9CEB8-8B4A-11D0-8D11-00A0C91BC942}") = "rsa", "src\rsa\rsa.vcproj", "{20F8A041-B391-4074-9CEE-98A7428F2524}"
EndProject
Project("{8BC9CEB8-8B4A-11D0-8D11-00A0C91BC942}") = "aes", "src\aes\aes.vcproj", "{114CA31C-EC37-44A1-944B-16583667215B}"
EndProject
Project("{8BC9CEB8-8B4A-11D0-8D11-00A0C91BC942}") = "des", "src\des\des.vcproj", "{DD0B298B-7C1C-4ADC-A7BE-27F18688C705}"
EndProject
Project("{8BC9CEB8-8B4A-11D0-8D11-00A0C91BC942}") = "seed", "src\seed\seed.vcproj", "{CAC4E9CB-5F0F-468D-BFF2-483E4AD295A0}"
EndProject
Project("{8BC9CEB8-8B4A-11D0-8D11-00A0C91BC942}") = "grain", "src\grain\grain.vcproj", "{54B63FB7-3463-4E62-A6BA-A07D2F407A17}"
EndProject
Project("{8BC9CEB8-8B4A-11D0-8D11-00A0C91BC942}") = "hc", "src\hc\hc.vcproj", "{3A7AF0D5-9BE4-4616-9330-53E7CBB57317}"
EndProject
Project("{8BC9CEB8-8B4A-11D0-8D11-00A0C91BC942}") = "mickey", "src\mickey\mickey.vcproj", "{B193A908-30EC-41E5-A647-823AF712EDA1}"
EndProject
Project("{8BC9CEB8-8B4A-11D0-8D11-00A0C91BC942}") = "rabbit", "src\rabbit\rabbit.vcproj", "{372AD2AC-322F-4DB9-B361-9256B33744BA}"
EndProject
Project("{8BC9CEB8-8B4A-11D0-8D11-00A0C91BC942}") = "rc4", "src\rc4\rc4.vcproj", "{7BF4ACDE-D83A-4524-91FA-008F986488BC}"
EndProject
Project("{8BC9CEB8-8B4A-11D0-8D11-00A0C91BC942}") = "salsa20", "src\salsa20\salsa20.vcproj", "{230FFC69-4DC3-44A2-9576-52FDD917D64D}"
EndProject
Project("{8BC9CEB8-8B4A-11D0-8D11-00A0C91BC942}") = "sosemanuk", "src\sosemanuk\sosemanuk.vcproj", "{C5E3DA55-B33D-4BB6-8E10-A53B8D6329E6}"
EndProject
Project("{8BC9CEB8-8B4A-11D0-8D11-00A0C91BC942}") = "zip", "src\zip\zip.vcproj", "{78977CB7-175D-491F-848C-5F9C7F52BD7E}"
EndProject
Project("{8BC9CEB8-8B4A-11D0-8D11-00A0C91BC942}") = "sha1", "src\sha1\sha1.vcproj", "{B88967E2-1A7E-4CB2-88F5-A2BF7A8F761E}"
EndProject
Project("{8BC9CEB8-8B4A-11D0-8D11-00A0C91BC942}") = "md5", "src\md5\md5.vcproj", "{89D2924D-C753-4034-B021-D17B60A47156}"
EndProject
Project("{8BC9CEB8-8B4A-11D0-8D11-00A0C91BC942}") = "base64", "src\base64\base64.vcproj", "{D86DEDF1-AC08-4299-975D-A77B18B28D8B}"
EndProject
Project("{8BC9CEB8-8B4A-11D0-8D11-00A0C91BC942}") = "salm", "src\salm.vcproj", "{5B66834A-8CF8-4457-BB58-16A5D917A780}"
EndProject
Global
	GlobalSection(SolutionConfigurationPlatforms) = preSolution
		Debug|Win32 = Debug|Win32
		Release|Win32 = Release|Win32
	EndGlobalSection
	GlobalSection(ProjectConfigurationPlatforms) = postSolution
		{20F8A041-B391-4074-9CEE-98A7428F2524}.Debug|Win32.ActiveCfg = Debug|Win32
		{20F8A041-B391-4074-9CEE-98A7428F2524}.Debug|Win32.Build.0 = Debug|Win32
		{20F8A041-B391-4074-9CEE-98A7428F2524}.Release|Win32.ActiveCfg = Release|Win32
		{20F8A041-B391-4074-9CEE-98A7428F2524}.Release|Win32.Build.0 = Release|Win32
		{114CA31C-EC37-44A1-944B-16583667215B}.Debug|Win32.ActiveCfg = Debug|Win32
		{114CA31C-EC37-44A1-944B-16583667215B}.Debug|Win32.Build.0 = Debug|Win32
		{114CA31C-EC37-44A1-944B-16583667215B}.Release|Win32.ActiveCfg = Release|Win32
		{114CA31C-EC37-44A1-944B-16583667215B}.Release|Win32.Build.0 = Release|Win32
		{DD0B298B-7C1C-4ADC-A7BE-27F18688C705}.Debug|Win32.ActiveCfg = Debug|Win32
		{DD0B298B-7C1C-4ADC-A7BE-27F18688C705}.Debug|Win32.Build.0 = Debug|Win32
		{DD0B298B-7C1C-4ADC-A7BE-27F18688C705}.Release|Win32.ActiveCfg = Release|Win32
		{DD0B298B-7C1C-4ADC-A7BE-27F18688C705}.Release|Win32.Build.0 = Release|Win32
		{CAC4E9CB-5F0F-468D-BFF2-483E4AD295A0}.Debug|Win32.ActiveCfg = Debug|Win32
		{CAC4E9CB-5F0F-468D-BFF2-483E4AD295A0}.Debug|Win32.Build.0 = Debug|Win32
		{CAC4E9CB-5F0F-468D-BFF2-483E4AD295A0}.Release|Win32.ActiveCfg = Release|Win32
		{CAC4E9CB-5F0F-468D-BFF2-483E4AD295A0}.Release|Win32.Build.0 = Release|Win32
		{54B63FB7-3463-4E62-A6BA-A07D2F407A17}.Debug|Win32.ActiveCfg = Debug|Win32
		{54B63FB7-3463-4E62-A6BA-A07D2F407A17}.Debug|Win32.Build.0 = Debug|Win32
		{54B63FB7-3463-4E62-A6BA-A07D2F407A17}.Release|Win32.ActiveCfg = Release|Win32
		{54B63FB7-3463-4E62-A6BA-A07D2F407A17}.Release|Win32.Build.0 = Release|Win32
		{3A7AF0D5-9BE4-4616-9330-53E7CBB57317}.Debug|Win32.ActiveCfg = Debug|Win32
		{3A7AF0D5-9BE4-4616-9330-53E7CBB57317}.Debug|Win32.Build.0 = Debug|Win32
		{3A7AF0D5-9BE4-4616-9330-53E7CBB57317}.Release|Win32.ActiveCfg = Release|Win32
		{3A7AF0D5-9BE4-4616-9330-53E7CBB57317}.Release|Win32.Build.0 = Release|Win32
		{B193A908-30EC-41E5-A647-823AF712EDA1}.Debug|Win32.ActiveCfg = Debug|Win32
		{B193A908-30EC-41E5-A647-823AF712EDA1}.Debug|Win32.Build.0 = Debug|Win32
		{B193A908-30EC-41E5-A647-823AF712EDA1}.Release|Win32.ActiveCfg = Release|Win32
		{B193A908-30EC-41E5-A647-823AF712EDA1}.Release|Win32.Build.0 = Release|Win32
		{372AD2AC-322F-4DB9-B361-9256B33744BA}.Debug|Win32.ActiveCfg = Debug|Win32
		{372AD2AC-322F-4DB9-B361-9256B33744BA}.Debug|Win32.Build.0 = Debug|Win32
		{372AD2AC-322F-4DB9-B361-9256B33744BA}.Release|Win32.ActiveCfg = Release|Win32
		{372AD2AC-322F-4DB9-B361-9256B33744BA}.Release|Win32.Build.0 = Release|Win32
		{7BF4ACDE-D83A-4524-91FA-008F986488BC}.Debug|Win32.ActiveCfg = Debug|Win32
		{7BF4ACDE-D83A-4524-91FA-008F986488BC}.Debug|Win32.Build.0 = Debug|Win32
		{7BF4ACDE-D83A-4524-91FA-008F986488BC}.Release|Win32.ActiveCfg = Release|Win32
		{7BF4ACDE-D83A-4524-91FA-008F986488BC}.Release|Win32.Build.0 = Release|Win32
		{230FFC69-4DC3-44A2-9576-52FDD917D64D}.Debug|Win32.ActiveCfg = Debug|Win32
		{230FFC69-4DC3-44A2-9576-52FDD917D64D}.Debug|Win32.Build.0 = Debug|Win32
		{230FFC69-4DC3-44A2-9576-52FDD917D64D}.Release|Win32.ActiveCfg = Release|Win32
		{230FFC69-4DC3-44A2-9576-52FDD917D64D}.Release|Win32.Build.0 = Release|Win32
		{C5E3DA55-B33D-4BB6-8E10-A53B8D6329E6}.Debug|Win32.ActiveCfg = Debug|Win32
		{C5E3DA55-B33D-4BB6-8E10-A53B8D6329E6}.Debug|Win32.Build.0 = Debug|Win32
		{C5E3DA55-B33D-4BB6-8E10-A53B8D6329E6}.Release|Win32.ActiveCfg = Release|Win32
		{C5E3DA55-B33D-4BB6-8E10-A53B8D6329E6}.Release|Win32.Build.0 = Release|Win32
		{78977CB7-175D-491F-848C-5F9C7F52BD7E}.Debug|Win32.ActiveCfg = Debug|Win32
		{78977CB7-175D-491F-848C-5F9C7F52BD7E}.Debug|Win32.Build.0 = Debug|Win32
		{78977CB7-175D-491F-848C-5F9C7F52BD7E}.Release|Win32.ActiveCfg = Release|Win32
		{78977CB7-175D-491F-848C-5F9C7F52BD7E}.Release|Win32.Build.0 = Release|Win32
		{B88967E2-1A7E-4CB2-88F5-A2BF7A8F761E}.Debug|Win32.ActiveCfg = Debug|Win32
		{B88967E2-1A7E-4CB2-88F5-A2BF7A8F761E}.Debug|Win32.Build.0 = Debug|Win32
		{B88967E2-1A7E-4CB2-88F5-A2BF7A8F761E}.Release|Win32.ActiveCfg = Release|Win32
		{B88967E2-1A7E-4CB2-88F5-A2BF7A8F761E}.Release|Win32.Build.0 = Release|Win32
		{89D2924D-C753-4034-B021-D17B60A47156}.Debug|Win32.ActiveCfg = Debug|Win32
		{89D2924D-C753-4034-B021-D17B60A47156}.Debug|Win32.Build.0 = Debug|Win32
		{89D2924D-C753-4034-B021-D17B60A47156}.Release|Win32.ActiveCfg = Release|Win32
		{89D2924D-C753-4034-B021-D17B60A47156}.Release|Win32.Build.0 = Release|Win32
		{D86DEDF1-AC08-4299-975D-A77B18B28D8B}.Debug|Win32.ActiveCfg = Debug|Win32
		{D86DEDF1-AC08-4299-975D-A77B18B28D8B}.Debug|Win32.Build.0 = Debug|Win32
		{D86DEDF1-AC08-4299-975D-A77B18B28D8B}.Release|Win32.ActiveCfg = Release|Win32
		{D86DEDF1-AC08-4299-975D-A77B18B28D8B}.Release|Win32.Build.0 = Release|Win32
		{5B66834A-8CF8-4457-BB58-16A5D917A780}.Debug|Win32.ActiveCfg = Debug|Win32
		{5B66834A-8CF8-4457-BB58-16A5D917A780}.Debug|Win32.Build.0 = Debug|Win32
		{5B66834A-8CF8-4457-BB58-16A5D917A780}.Release|Win32.ActiveCfg = Release|Win32
		{5B66834A-8CF8-4457-BB58-16A5D917A780}.Release|Win32.Build.0 = Release|Win32
	EndGlobalSection
	GlobalSection(SolutionProperties) = preSolution
		HideSolutionNode = FALSE
	EndGlobalSection
	GlobalSection(NestedProjects) = preSolution
		{20F8A041-B391-4074-9CEE-98A7428F2524} = {9968F741-E3EC-403B-8BAA-7C5F7116ABCB}
		{BDD17A0D-9A58-4EF9-B7B1-79F0FC30F7F6} = {045A8FC8-EE2C-470D-A2F4-80D5146B02BF}
		{8E1770D7-8A8A-4935-B47C-67C81CF60C11} = {045A8FC8-EE2C-470D-A2F4-80D5146B02BF}
		{78977CB7-175D-491F-848C-5F9C7F52BD7E} = {17C8802B-153F-45A1-B858-F7BECB575C4F}
		{B88967E2-1A7E-4CB2-88F5-A2BF7A8F761E} = {1FE52238-537C-4D12-9C54-C6D6439C7841}
		{89D2924D-C753-4034-B021-D17B60A47156} = {1FE52238-537C-4D12-9C54-C6D6439C7841}
		{D86DEDF1-AC08-4299-975D-A77B18B28D8B} = {AAA8AC58-511A-4E07-87A2-DD1A680DD980}
		{114CA31C-EC37-44A1-944B-16583667215B} = {BDD17A0D-9A58-4EF9-B7B1-79F0FC30F7F6}
		{DD0B298B-7C1C-4ADC-A7BE-27F18688C705} = {BDD17A0D-9A58-4EF9-B7B1-79F0FC30F7F6}
		{CAC4E9CB-5F0F-468D-BFF2-483E4AD295A0} = {BDD17A0D-9A58-4EF9-B7B1-79F0FC30F7F6}
		{54B63FB7-3463-4E62-A6BA-A07D2F407A17} = {8E1770D7-8A8A-4935-B47C-67C81CF60C11}
		{3A7AF0D5-9BE4-4616-9330-53E7CBB57317} = {8E1770D7-8A8A-4935-B47C-67C81CF60C11}
		{B193A908-30EC-41E5-A647-823AF712EDA1} = {8E1770D7-8A8A-4935-B47C-67C81CF60C11}
		{372AD2AC-322F-4DB9-B361-9256B33744BA} = {8E1770D7-8A8A-4935-B47C-67C81CF60C11}
		{7BF4ACDE-D83A-4524-91FA-008F986488BC} = {8E1770D7-8A8A-4935-B47C-67C81CF60C11}
		{230FFC69-4DC3-44A2-9576-52FDD917D64D} = {8E1770D7-8A8A-4935-B47C-67C81CF60C11}
		{C5E3DA55-B33D-4BB6-8E10-A53B8D6329E6} = {8E1770D7-8A8A-4935-B47C-67C81CF60C11}
	EndGlobalSection
EndGlobal
