<?xml version="1.0" encoding="utf-8"?>
<Project ToolsVersion="4.0" xmlns="http://schemas.microsoft.com/developer/msbuild/2003">
  <ItemGroup>
    <Filter Include="소스 파일">
      <UniqueIdentifier>{4FC737F1-C7A5-4376-A066-2A32D752A2FF}</UniqueIdentifier>
      <Extensions>cpp;c;cc;cxx;def;odl;idl;hpj;bat;asm;asmx</Extensions>
    </Filter>
    <Filter Include="헤더 파일">
      <UniqueIdentifier>{93995380-89BD-4b04-88EB-625FBE52EBFB}</UniqueIdentifier>
      <Extensions>h;hpp;hxx;hm;inl;inc;xsd</Extensions>
    </Filter>
    <Filter Include="리소스 파일">
      <UniqueIdentifier>{67DA6AB6-F800-4c08-8B7A-83BB121AAD01}</UniqueIdentifier>
      <Extensions>rc;ico;cur;bmp;dlg;rc2;rct;bin;rgs;gif;jpg;jpeg;jpe;resx;tiff;tif;png;wav</Extensions>
    </Filter>
    <Filter Include="라이브러리">
      <UniqueIdentifier>{cacbca48-8241-42f1-80cd-4603e53b1f23}</UniqueIdentifier>
    </Filter>
  </ItemGroup>
  <ItemGroup>
    <ClCompile Include="salm.cpp">
      <Filter>소스 파일</Filter>
    </ClCompile>
    <ClCompile Include="..\vendor\libsrc\adler32.c">
      <Filter>라이브러리</Filter>
    </ClCompile>
    <ClCompile Include="..\vendor\libsrc\compress.c">
      <Filter>라이브러리</Filter>
    </ClCompile>
    <ClCompile Include="..\vendor\libsrc\crc32.c">
      <Filter>라이브러리</Filter>
    </ClCompile>
    <ClCompile Include="..\vendor\libsrc\deflate.c">
      <Filter>라이브러리</Filter>
    </ClCompile>
    <ClCompile Include="..\vendor\libsrc\ecrypt-grain.c">
      <Filter>라이브러리</Filter>
    </ClCompile>
    <ClCompile Include="..\vendor\libsrc\ecrypt-hc.c">
      <Filter>라이브러리</Filter>
    </ClCompile>
    <ClCompile Include="..\vendor\libsrc\ecrypt-mickey128.c">
      <Filter>라이브러리</Filter>
    </ClCompile>
    <ClCompile Include="..\vendor\libsrc\ecrypt-rabbit.c">
      <Filter>라이브러리</Filter>
    </ClCompile>
    <ClCompile Include="..\vendor\libsrc\ecrypt-salsa20.c">
      <Filter>라이브러리</Filter>
    </ClCompile>
    <ClCompile Include="..\vendor\libsrc\ecrypt-sosemanuk.c">
      <Filter>라이브러리</Filter>
    </ClCompile>
    <ClCompile Include="..\vendor\libsrc\gzclose.c">
      <Filter>라이브러리</Filter>
    </ClCompile>
    <ClCompile Include="..\vendor\libsrc\gzlib.c">
      <Filter>라이브러리</Filter>
    </ClCompile>
    <ClCompile Include="..\vendor\libsrc\gzread.c">
      <Filter>라이브러리</Filter>
    </ClCompile>
    <ClCompile Include="..\vendor\libsrc\gzwrite.c">
      <Filter>라이브러리</Filter>
    </ClCompile>
    <ClCompile Include="..\vendor\libsrc\infback.c">
      <Filter>라이브러리</Filter>
    </ClCompile>
    <ClCompile Include="..\vendor\libsrc\inffast.c">
      <Filter>라이브러리</Filter>
    </ClCompile>
    <ClCompile Include="..\vendor\libsrc\inflate.c">
      <Filter>라이브러리</Filter>
    </ClCompile>
    <ClCompile Include="..\vendor\libsrc\inftrees.c">
      <Filter>라이브러리</Filter>
    </ClCompile>
    <ClCompile Include="..\vendor\libsrc\minigzip.c">
      <Filter>라이브러리</Filter>
    </ClCompile>
    <ClCompile Include="..\vendor\libsrc\trees.c">
      <Filter>라이브러리</Filter>
    </ClCompile>
    <ClCompile Include="..\vendor\libsrc\uncompr.c">
      <Filter>라이브러리</Filter>
    </ClCompile>
    <ClCompile Include="..\vendor\libsrc\zutil.c">
      <Filter>라이브러리</Filter>
    </ClCompile>
  </ItemGroup>
  <ItemGroup>
    <ClInclude Include="..\include\asymmetrics.hpp">
      <Filter>헤더 파일</Filter>
    </ClInclude>
    <ClInclude Include="..\include\ciphers.hpp">
      <Filter>헤더 파일</Filter>
    </ClInclude>
    <ClInclude Include="..\include\compressions.hpp">
      <Filter>헤더 파일</Filter>
    </ClInclude>
    <ClInclude Include="..\include\digests.hpp">
      <Filter>헤더 파일</Filter>
    </ClInclude>
    <ClInclude Include="..\include\interface.hpp">
      <Filter>헤더 파일</Filter>
    </ClInclude>
    <ClInclude Include="..\include\padding.hpp">
      <Filter>헤더 파일</Filter>
    </ClInclude>
    <ClInclude Include="..\include\salm.hpp">
      <Filter>헤더 파일</Filter>
    </ClInclude>
    <ClInclude Include="..\include\transforms.hpp">
      <Filter>헤더 파일</Filter>
    </ClInclude>
  </ItemGroup>
</Project>